
Microsoft Visual Studio Solution File, Format Version 12.00
# Visual Studio Version 17
VisualStudioVersion = 17.10.35201.131
MinimumVisualStudioVersion = 10.0.40219.1
Project("{FAE04EC0-301F-11D3-BF4B-00C04F79EFBC}") = "MainProgram", "MainProgram\MainProgram.csproj", "{715EFD07-5EFE-4F23-9FB2-630E08FBAA4E}"
EndProject
Project("{FAE04EC0-301F-11D3-BF4B-00C04F79EFBC}") = "Plugins", "Plugins\Plugins.csproj", "{DD2EDAA4-DD25-4449-9914-28C2DF7DEA31}"
EndProject
Global
	GlobalSection(SolutionConfigurationPlatforms) = preSolution
		Debug|Any CPU = Debug|Any CPU
		Release|Any CPU = Release|Any CPU
	EndGlobalSection
	GlobalSection(ProjectConfigurationPlatforms) = postSolution
		{715EFD07-5EFE-4F23-9FB2-630E08FBAA4E}.Debug|Any CPU.ActiveCfg = Debug|Any CPU
		{715EFD07-5EFE-4F23-9FB2-630E08FBAA4E}.Debug|Any CPU.Build.0 = Debug|Any CPU
		{715EFD07-5EFE-4F23-9FB2-630E08FBAA4E}.Release|Any CPU.ActiveCfg = Release|Any CPU
		{715EFD07-5EFE-4F23-9FB2-630E08FBAA4E}.Release|Any CPU.Build.0 = Release|Any CPU
		{DD2EDAA4-DD25-4449-9914-28C2DF7DEA31}.Debug|Any CPU.ActiveCfg = Debug|Any CPU
		{DD2EDAA4-DD25-4449-9914-28C2DF7DEA31}.Debug|Any CPU.Build.0 = Debug|Any CPU
		{DD2EDAA4-DD25-4449-9914-28C2DF7DEA31}.Release|Any CPU.ActiveCfg = Release|Any CPU
		{DD2EDAA4-DD25-4449-9914-28C2DF7DEA31}.Release|Any CPU.Build.0 = Release|Any CPU
	EndGlobalSection
	GlobalSection(SolutionProperties) = preSolution
		HideSolutionNode = FALSE
	EndGlobalSection
	GlobalSection(ExtensibilityGlobals) = postSolution
		SolutionGuid = {D640AC43-56A5-4731-BC2C-4BAB9EC1B1C5}
	EndGlobalSection
EndGlobal
